<?xml version="1.0" encoding="UTF-8" standalone="yes" ?>
<CodeBlocks_project_file>
	<FileVersion major="1" minor="6" />
	<Project>
		<Option title="gamesdl2" />
		<Option pch_mode="2" />
		<Option compiler="gcc" />
		<Build>
			<Target title="Release">
				<Option output="bin/Release/gamesdl2" prefix_auto="1" extension_auto="1" />
				<Option object_output="obj/Release/" />
				<Option type="1" />
				<Option compiler="gcc" />
				<Compiler>
					<Add option="-O2" />
				</Compiler>
				<Linker>
					<Add option="-s" />
				</Linker>
			</Target>
		</Build>
		<Compiler>
			<Add option="-Wall" />
		</Compiler>
		<Unit filename="Config.hpp" />
		<Unit filename="Game.cpp" />
		<Unit filename="Game.hpp" />
		<Unit filename="Main.cpp" />
		<Unit filename="Resource.cpp" />
		<Unit filename="Resource.hpp" />
		<Unit filename="components/Damage.cpp" />
		<Unit filename="components/Damage.hpp" />
		<Unit filename="components/HP.cpp" />
		<Unit filename="components/HP.hpp" />
		<Unit filename="components/Text.cpp" />
		<Unit filename="components/Text.hpp" />
		<Unit filename="misc/Random.cpp" />
		<Unit filename="misc/Random.hpp" />
		<Unit filename="misc/Utils.cpp" />
		<Unit filename="misc/Utils.hpp" />
		<Unit filename="objects/AnimatedObject.cpp" />
		<Unit filename="objects/AnimatedObject.hpp" />
		<Unit filename="objects/BaseObject.cpp" />
		<Unit filename="objects/BaseObject.hpp" />
		<Unit filename="objects/Bullet.cpp" />
		<Unit filename="objects/Bullet.hpp" />
		<Unit filename="objects/Goblin.cpp" />
		<Unit filename="objects/Goblin.hpp" />
		<Unit filename="objects/Gun.cpp" />
		<Unit filename="objects/Gun.hpp" />
		<Unit filename="objects/Mushroom.cpp" />
		<Unit filename="objects/Mushroom.hpp" />
		<Unit filename="objects/Player.cpp" />
		<Unit filename="objects/Player.hpp" />
		<Unit filename="objects/Skeleton.cpp" />
		<Unit filename="objects/Skeleton.hpp" />
		<Unit filename="objects/Threat.cpp" />
		<Unit filename="objects/Threat.hpp" />
		<Unit filename="objects/Tower.cpp" />
		<Unit filename="objects/Tower.hpp" />
		<Unit filename="scenes/BaseScene.hpp" />
		<Unit filename="scenes/GameOverScene.cpp" />
		<Unit filename="scenes/GameOverScene.hpp" />
		<Unit filename="scenes/HelpScene .hpp" />
		<Unit filename="scenes/HelpScene.cpp" />
		<Unit filename="scenes/HighScoreScene.cpp" />
		<Unit filename="scenes/HighScoreScene.hpp" />
		<Unit filename="scenes/MenuScene.cpp" />
		<Unit filename="scenes/MenuScene.hpp" />
		<Unit filename="scenes/PlayScene.cpp" />
		<Unit filename="scenes/PlayScene.hpp" />
		<Unit filename="types/Vector2f.cpp" />
		<Unit filename="types/Vector2f.hpp" />
		<Extensions>
			<lib_finder disable_auto="1" />
		</Extensions>
	</Project>
</CodeBlocks_project_file>
